github.com/andygello555/gotils v1.0.0 h1:VevV1crB+BrcVvQqUObL/zNwKRRCIT3Bsuu9R6YJdOg=
github.com/andygello555/gotils v1.0.0/go.mod h1:h4wJj0wIGDM2VxT87YnrFQC3S5TMebHrlCsivq8ysIw=
github.com/andygello555/gotils v1.2.0 h1:lTuoZOq/iiwZqn2rCuDIBntWKo3eMcNxB/gYc1p99SQ=
github.com/andygello555/gotils v1.2.0/go.mod h1:h4wJj0wIGDM2VxT87YnrFQC3S5TMebHrlCsivq8ysIw=
github.com/andygello555/gotils v1.2.1 h1:BLI2sDo8dPmw8+szqeuXmyi96pzA5xOeg9UES0LtMl8=
github.com/andygello555/gotils v1.2.1/go.mod h1:h4wJj0wIGDM2VxT87YnrFQC3S5TMebHrlCsivq8ysIw=
github.com/go-test/deep v1.0.7 h1:/VSMRlnY/JSyqxQUzQLKVMAskpY/NZKFA5j2P+0pP2M=
github.com/go-test/deep v1.0.7/go.mod h1:QV8Hv/iy04NyLBxAdO9njL0iVPN1S4d/A3NVv1V36o8=
github.com/hjson/hjson-go v3.1.0+incompatible h1:DY/9yE8ey8Zv22bY+mHV1uk2yRy0h8tKhZ77hEdi0Aw=
github.com/hjson/hjson-go v3.1.0+incompatible/go.mod h1:qsetwF8NlsTsOTwZTApNlTCerV+b2GjYRRcIk4JMFio=
github.com/robertkrimen/otto v0.0.0-20200922221731-ef014fd054ac h1:kYPjbEN6YPYWWHI6ky1J813KzIq/8+Wg4TO4xU7A/KU=
github.com/robertkrimen/otto v0.0.0-20200922221731-ef014fd054ac/go.mod h1:xvqspoSXJTIpemEonrMDFq6XzwHYYgToXWj5eRX1OtY=
gopkg.in/sourcemap.v1 v1.0.5 h1:inv58fC9f9J3TK2Y2R1NPntXEn3/wjWHkonhIUODNTI=
gopkg.in/sourcemap.v1 v1.0.5/go.mod h1:2RlvNNSMglmRrcvhfuzp4hQHwOtjxlbjX7UPY/GXb78=
